
Microsoft Visual Studio Solution File, Format Version 11.00
# Visual C++ Express 2010
Project("{8BC9CEB8-8B4A-11D0-8D11-00A0C91BC942}") = "AiStateProject", "AiStateProject\AiStateProject.vcxproj", "{506B6321-8A03-49C2-9882-150A95984181}"
EndProject
Global
	GlobalSection(SolutionConfigurationPlatforms) = preSolution
		Debug|Win32 = Debug|Win32
		Release|Win32 = Release|Win32
	EndGlobalSection
	GlobalSection(ProjectConfigurationPlatforms) = postSolution
		{506B6321-8A03-49C2-9882-150A95984181}.Debug|Win32.ActiveCfg = Debug|Win32
		{506B6321-8A03-49C2-9882-150A95984181}.Debug|Win32.Build.0 = Debug|Win32
		{506B6321-8A03-49C2-9882-150A95984181}.Release|Win32.ActiveCfg = Release|Win32
		{506B6321-8A03-49C2-9882-150A95984181}.Release|Win32.Build.0 = Release|Win32
	EndGlobalSection
	GlobalSection(SolutionProperties) = preSolution
		HideSolutionNode = FALSE
	EndGlobalSection
EndGlobal
